
Microsoft Visual Studio Solution File, Format Version 12.00
# Visual Studio Version 16
VisualStudioVersion = 16.0.30621.155
MinimumVisualStudioVersion = 10.0.40219.1
Project("{FAE04EC0-301F-11D3-BF4B-00C04F79EFBC}") = "webapp", "webapp.csproj", "{0FDBFF81-C18A-44CB-A7C9-5992A6DD65CD}"
EndProject
Global
	GlobalSection(SolutionConfigurationPlatforms) = preSolution
		Debug|Any CPU = Debug|Any CPU
		Release|Any CPU = Release|Any CPU
	EndGlobalSection
	GlobalSection(ProjectConfigurationPlatforms) = postSolution
		{0FDBFF81-C18A-44CB-A7C9-5992A6DD65CD}.Debug|Any CPU.ActiveCfg = Debug|Any CPU
		{0FDBFF81-C18A-44CB-A7C9-5992A6DD65CD}.Debug|Any CPU.Build.0 = Debug|Any CPU
		{0FDBFF81-C18A-44CB-A7C9-5992A6DD65CD}.Release|Any CPU.ActiveCfg = Release|Any CPU
		{0FDBFF81-C18A-44CB-A7C9-5992A6DD65CD}.Release|Any CPU.Build.0 = Release|Any CPU
	EndGlobalSection
	GlobalSection(SolutionProperties) = preSolution
		HideSolutionNode = FALSE
	EndGlobalSection
	GlobalSection(ExtensibilityGlobals) = postSolution
		SolutionGuid = {EFCAAF52-E7EC-4EB8-B159-8CF2A8B58E15}
	EndGlobalSection
EndGlobal
